
Microsoft Visual Studio Solution File, Format Version 12.00
# Visual Studio Version 17
VisualStudioVersion = 17.13.35931.197 d17.13
MinimumVisualStudioVersion = 10.0.40219.1
Project("{FAE04EC0-301F-11D3-BF4B-00C04F79EFBC}") = "File Reader GQI Tutorial", "File Reader GQI Tutorial\File Reader GQI Tutorial.csproj", "{85F89BB9-425D-4BAE-839E-0EDE7F93A0D6}"
EndProject
Project("{2150E333-8FDC-42A3-9474-1A3956D46DE8}") = "Internal", "Internal", "{02EA681E-C7D8-13C7-8484-4AC65E1B71E8}"
EndProject
Project("{2150E333-8FDC-42A3-9474-1A3956D46DE8}") = "Code Analysis", "Code Analysis", "{6CAB6DC8-05A2-4B81-9EC6-A34DFB91AC01}"
	ProjectSection(SolutionItems) = preProject
		Internal\Code Analysis\qaction-debug.ruleset = Internal\Code Analysis\qaction-debug.ruleset
		Internal\Code Analysis\qaction-release.ruleset = Internal\Code Analysis\qaction-release.ruleset
		Internal\Code Analysis\stylecop.json = Internal\Code Analysis\stylecop.json
	EndProjectSection
EndProject
Global
	GlobalSection(SolutionConfigurationPlatforms) = preSolution
		Debug|Any CPU = Debug|Any CPU
		Release|Any CPU = Release|Any CPU
	EndGlobalSection
	GlobalSection(ProjectConfigurationPlatforms) = postSolution
		{85F89BB9-425D-4BAE-839E-0EDE7F93A0D6}.Debug|Any CPU.ActiveCfg = Debug|Any CPU
		{85F89BB9-425D-4BAE-839E-0EDE7F93A0D6}.Debug|Any CPU.Build.0 = Debug|Any CPU
		{85F89BB9-425D-4BAE-839E-0EDE7F93A0D6}.Release|Any CPU.ActiveCfg = Release|Any CPU
		{85F89BB9-425D-4BAE-839E-0EDE7F93A0D6}.Release|Any CPU.Build.0 = Release|Any CPU
	EndGlobalSection
	GlobalSection(SolutionProperties) = preSolution
		HideSolutionNode = FALSE
	EndGlobalSection
	GlobalSection(NestedProjects) = preSolution
		{6CAB6DC8-05A2-4B81-9EC6-A34DFB91AC01} = {02EA681E-C7D8-13C7-8484-4AC65E1B71E8}
	EndGlobalSection
	GlobalSection(ExtensibilityGlobals) = postSolution
		SolutionGuid = {46EE7427-F974-49CE-A2F5-BFA6B4BCAD1B}
	EndGlobalSection
EndGlobal
